<?xml version="1.0" encoding="utf-8"?>
<Project ToolsVersion="4.0" xmlns="http://schemas.microsoft.com/developer/msbuild/2003">
  <ItemGroup>
    <Filter Include="Quelldateien">
      <UniqueIdentifier>{4FC737F1-C7A5-4376-A066-2A32D752A2FF}</UniqueIdentifier>
      <Extensions>cpp;c;cc;cxx;c++;cppm;ixx;def;odl;idl;hpj;bat;asm;asmx</Extensions>
    </Filter>
    <Filter Include="Headerdateien">
      <UniqueIdentifier>{93995380-89BD-4b04-88EB-625FBE52EBFB}</UniqueIdentifier>
      <Extensions>h;hh;hpp;hxx;h++;hm;inl;inc;ipp;xsd</Extensions>
    </Filter>
    <Filter Include="Ressourcendateien">
      <UniqueIdentifier>{67DA6AB6-F800-4c08-8B7A-83BB121AAD01}</UniqueIdentifier>
      <Extensions>rc;ico;cur;bmp;dlg;rc2;rct;bin;rgs;gif;jpg;jpeg;jpe;resx;tiff;tif;png;wav;mfcribbon-ms</Extensions>
    </Filter>
    <Filter Include="stk">
      <UniqueIdentifier>{9c366f8e-bc23-45ec-ad27-7af59aaded62}</UniqueIdentifier>
    </Filter>
  </ItemGroup>
  <ItemGroup>
    <ClCompile Include="src\stk.plucked.cpp">
      <Filter>Quelldateien</Filter>
    </ClCompile>
    <ClCompile Include="..\..\external-packages\stk-4.5.0\stk\ADSR.cpp">
      <Filter>stk</Filter>
    </ClCompile>
    <ClCompile Include="..\..\external-packages\stk-4.5.0\stk\BiQuad.cpp">
      <Filter>stk</Filter>
    </ClCompile>
    <ClCompile Include="..\..\external-packages\stk-4.5.0\stk\Delay.cpp">
      <Filter>stk</Filter>
    </ClCompile>
    <ClCompile Include="..\..\external-packages\stk-4.5.0\stk\DelayA.cpp">
      <Filter>stk</Filter>
    </ClCompile>
    <ClCompile Include="..\..\external-packages\stk-4.5.0\stk\DelayL.cpp">
      <Filter>stk</Filter>
    </ClCompile>
    <ClCompile Include="..\..\external-packages\stk-4.5.0\stk\Envelope.cpp">
      <Filter>stk</Filter>
    </ClCompile>
    <ClCompile Include="..\..\external-packages\stk-4.5.0\stk\Noise.cpp">
      <Filter>stk</Filter>
    </ClCompile>
    <ClCompile Include="..\..\external-packages\stk-4.5.0\stk\OnePole.cpp">
      <Filter>stk</Filter>
    </ClCompile>
    <ClCompile Include="..\..\external-packages\stk-4.5.0\stk\OneZero.cpp">
      <Filter>stk</Filter>
    </ClCompile>
    <ClCompile Include="..\..\external-packages\stk-4.5.0\stk\Plucked.cpp">
      <Filter>stk</Filter>
    </ClCompile>
    <ClCompile Include="..\..\external-packages\stk-4.5.0\stk\Stk.cpp">
      <Filter>stk</Filter>
    </ClCompile>
  </ItemGroup>
</Project>